
Microsoft Visual Studio Solution File, Format Version 12.00
# Visual Studio Version 16
VisualStudioVersion = 16.0.33801.447
MinimumVisualStudioVersion = 10.0.40219.1
Project("{FAE04EC0-301F-11D3-BF4B-00C04F79EFBC}") = "Pm02_4isip-520_Shonazarov", "Pm02_4isip-520_Shonazarov\Pm02_4isip-520_Shonazarov.csproj", "{22269813-15E0-4FB5-A1A5-FF7505199FD5}"
EndProject
Global
	GlobalSection(SolutionConfigurationPlatforms) = preSolution
		Debug|Any CPU = Debug|Any CPU
		Release|Any CPU = Release|Any CPU
	EndGlobalSection
	GlobalSection(ProjectConfigurationPlatforms) = postSolution
		{22269813-15E0-4FB5-A1A5-FF7505199FD5}.Debug|Any CPU.ActiveCfg = Debug|Any CPU
		{22269813-15E0-4FB5-A1A5-FF7505199FD5}.Debug|Any CPU.Build.0 = Debug|Any CPU
		{22269813-15E0-4FB5-A1A5-FF7505199FD5}.Release|Any CPU.ActiveCfg = Release|Any CPU
		{22269813-15E0-4FB5-A1A5-FF7505199FD5}.Release|Any CPU.Build.0 = Release|Any CPU
	EndGlobalSection
	GlobalSection(SolutionProperties) = preSolution
		HideSolutionNode = FALSE
	EndGlobalSection
	GlobalSection(ExtensibilityGlobals) = postSolution
		SolutionGuid = {6F8CDCA3-6A87-4A58-83DD-2EC508C7AD36}
	EndGlobalSection
EndGlobal
